// !$*UTF8*$!
{
	archiveVersion = 1;
	classes = {
	};
	objectVersion = 46;
	objects = {

/* Begin PBXBuildFile section */
		E70592631C12402C005F7C25 /* default.png in Resources */ = {isa = PBXBuildFile; fileRef = E70592621C12402C005F7C25 /* default.png */; };
		E7669AC61C07CA630036326B /* main.m in Sources */ = {isa = PBXBuildFile; fileRef = E7669AC51C07CA630036326B /* main.m */; };
		E7669AC91C07CA630036326B /* AppDelegate.m in Sources */ = {isa = PBXBuildFile; fileRef = E7669AC81C07CA630036326B /* AppDelegate.m */; };
		E7669ACC1C07CA630036326B /* ViewController.m in Sources */ = {isa = PBXBuildFile; fileRef = E7669ACB1C07CA630036326B /* ViewController.m */; };
		E7669ACF1C07CA630036326B /* Main.storyboard in Resources */ = {isa = PBXBuildFile; fileRef = E7669ACD1C07CA630036326B /* Main.storyboard */; };
		E7669AD11C07CA630036326B /* Assets.xcassets in Resources */ = {isa = PBXBuildFile; fileRef = E7669AD01C07CA630036326B /* Assets.xcassets */; };
		E7669AD41C07CA630036326B /* LaunchScreen.storyboard in Resources */ = {isa = PBXBuildFile; fileRef = E7669AD21C07CA630036326B /* LaunchScreen.storyboard */; };
		E77C95601C08FCCC00EDB58F /* Twitter.png in Resources */ = {isa = PBXBuildFile; fileRef = E77C955F1C08FCCC00EDB58F /* Twitter.png */; };
		E77C95631C0B0AA600EDB58F /* TweetsController.m in Sources */ = {isa = PBXBuildFile; fileRef = E77C95621C0B0AA600EDB58F /* TweetsController.m */; };
		E77C956A1C0BB97000EDB58F /* Tweet.m in Sources */ = {isa = PBXBuildFile; fileRef = E77C95691C0BB97000EDB58F /* Tweet.m */; };
		E77C95CF1C0E443A00EDB58F /* ApiManager.m in Sources */ = {isa = PBXBuildFile; fileRef = E77C95CE1C0E443A00EDB58F /* ApiManager.m */; };
/* End PBXBuildFile section */

/* Begin PBXFileReference section */
		E70592621C12402C005F7C25 /* default.png */ = {isa = PBXFileReference; lastKnownFileType = image.png; path = default.png; sourceTree = "<group>"; };
		E7669AC11C07CA630036326B /* TwitterApi.app */ = {isa = PBXFileReference; explicitFileType = wrapper.application; includeInIndex = 0; path = TwitterApi.app; sourceTree = BUILT_PRODUCTS_DIR; };
		E7669AC51C07CA630036326B /* main.m */ = {isa = PBXFileReference; lastKnownFileType = sourcecode.c.objc; path = main.m; sourceTree = "<group>"; };
		E7669AC71C07CA630036326B /* AppDelegate.h */ = {isa = PBXFileReference; lastKnownFileType = sourcecode.c.h; path = AppDelegate.h; sourceTree = "<group>"; };
		E7669AC81C07CA630036326B /* AppDelegate.m */ = {isa = PBXFileReference; lastKnownFileType = sourcecode.c.objc; path = AppDelegate.m; sourceTree = "<group>"; };
		E7669ACA1C07CA630036326B /* ViewController.h */ = {isa = PBXFileReference; lastKnownFileType = sourcecode.c.h; path = ViewController.h; sourceTree = "<group>"; };
		E7669ACB1C07CA630036326B /* ViewController.m */ = {isa = PBXFileReference; lastKnownFileType = sourcecode.c.objc; path = ViewController.m; sourceTree = "<group>"; };
		E7669ACE1C07CA630036326B /* Base */ = {isa = PBXFileReference; lastKnownFileType = file.storyboard; name = Base; path = Base.lproj/Main.storyboard; sourceTree = "<group>"; };
		E7669AD01C07CA630036326B /* Assets.xcassets */ = {isa = PBXFileReference; lastKnownFileType = folder.assetcatalog; path = Assets.xcassets; sourceTree = "<group>"; };
		E7669AD31C07CA630036326B /* Base */ = {isa = PBXFileReference; lastKnownFileType = file.storyboard; name = Base; path = Base.lproj/LaunchScreen.storyboard; sourceTree = "<group>"; };
		E7669AD51C07CA630036326B /* Info.plist */ = {isa = PBXFileReference; lastKnownFileType = text.plist.xml; path = Info.plist; sourceTree = "<group>"; };
		E77C955F1C08FCCC00EDB58F /* Twitter.png */ = {isa = PBXFileReference; lastKnownFileType = image.png; path = Twitter.png; sourceTree = "<group>"; };
		E77C95611C0B0AA600EDB58F /* TweetsController.h */ = {isa = PBXFileReference; fileEncoding = 4; lastKnownFileType = sourcecode.c.h; path = TweetsController.h; sourceTree = "<group>"; };
		E77C95621C0B0AA600EDB58F /* TweetsController.m */ = {isa = PBXFileReference; fileEncoding = 4; lastKnownFileType = sourcecode.c.objc; path = TweetsController.m; sourceTree = "<group>"; };
		E77C95641C0B2D6E00EDB58F /* PrefixHeader.pch */ = {isa = PBXFileReference; lastKnownFileType = sourcecode.c.h; path = PrefixHeader.pch; sourceTree = "<group>"; };
		E77C95681C0BB97000EDB58F /* Tweet.h */ = {isa = PBXFileReference; fileEncoding = 4; lastKnownFileType = sourcecode.c.h; path = Tweet.h; sourceTree = "<group>"; };
		E77C95691C0BB97000EDB58F /* Tweet.m */ = {isa = PBXFileReference; fileEncoding = 4; lastKnownFileType = sourcecode.c.objc; path = Tweet.m; sourceTree = "<group>"; };
		E77C95CD1C0E443A00EDB58F /* ApiManager.h */ = {isa = PBXFileReference; fileEncoding = 4; lastKnownFileType = sourcecode.c.h; path = ApiManager.h; sourceTree = "<group>"; };
		E77C95CE1C0E443A00EDB58F /* ApiManager.m */ = {isa = PBXFileReference; fileEncoding = 4; lastKnownFileType = sourcecode.c.objc; path = ApiManager.m; sourceTree = "<group>"; };
/* End PBXFileReference section */

/* Begin PBXFrameworksBuildPhase section */
		E7669ABE1C07CA630036326B /* Frameworks */ = {
			isa = PBXFrameworksBuildPhase;
			buildActionMask = 2147483647;
			files = (
			);
			runOnlyForDeploymentPostprocessing = 0;
		};
/* End PBXFrameworksBuildPhase section */

/* Begin PBXGroup section */
		E70592651C124060005F7C25 /* Api */ = {
			isa = PBXGroup;
			children = (
				E77C95CD1C0E443A00EDB58F /* ApiManager.h */,
				E77C95CE1C0E443A00EDB58F /* ApiManager.m */,
			);
			name = Api;
			sourceTree = "<group>";
		};
		E70592661C124067005F7C25 /* Model */ = {
			isa = PBXGroup;
			children = (
				E77C95681C0BB97000EDB58F /* Tweet.h */,
				E77C95691C0BB97000EDB58F /* Tweet.m */,
			);
			name = Model;
			sourceTree = "<group>";
		};
		E7669AB81C07CA630036326B = {
			isa = PBXGroup;
			children = (
				E7669AC31C07CA630036326B /* TwitterApi */,
				E7669AC21C07CA630036326B /* Products */,
			);
			sourceTree = "<group>";
		};
		E7669AC21C07CA630036326B /* Products */ = {
			isa = PBXGroup;
			children = (
				E7669AC11C07CA630036326B /* TwitterApi.app */,
			);
			name = Products;
			sourceTree = "<group>";
		};
		E7669AC31C07CA630036326B /* TwitterApi */ = {
			isa = PBXGroup;
			children = (
				E70592651C124060005F7C25 /* Api */,
				E70592661C124067005F7C25 /* Model */,
				E7669ACA1C07CA630036326B /* ViewController.h */,
				E7669ACB1C07CA630036326B /* ViewController.m */,
				E77C95611C0B0AA600EDB58F /* TweetsController.h */,
				E77C95621C0B0AA600EDB58F /* TweetsController.m */,
				E7669AC71C07CA630036326B /* AppDelegate.h */,
				E7669AC81C07CA630036326B /* AppDelegate.m */,
				E70592621C12402C005F7C25 /* default.png */,
				E77C955F1C08FCCC00EDB58F /* Twitter.png */,
				E7669ACD1C07CA630036326B /* Main.storyboard */,
				E7669AD01C07CA630036326B /* Assets.xcassets */,
				E7669AD21C07CA630036326B /* LaunchScreen.storyboard */,
				E7669AD51C07CA630036326B /* Info.plist */,
				E7669AC41C07CA630036326B /* Supporting Files */,
			);
			path = TwitterApi;
			sourceTree = "<group>";
		};
		E7669AC41C07CA630036326B /* Supporting Files */ = {
			isa = PBXGroup;
			children = (
				E7669AC51C07CA630036326B /* main.m */,
				E77C95641C0B2D6E00EDB58F /* PrefixHeader.pch */,
			);
			name = "Supporting Files";
			sourceTree = "<group>";
		};
/* End PBXGroup section */

/* Begin PBXNativeTarget section */
		E7669AC01C07CA630036326B /* TwitterApi */ = {
			isa = PBXNativeTarget;
			buildConfigurationList = E7669AD81C07CA630036326B /* Build configuration list for PBXNativeTarget "TwitterApi" */;
			buildPhases = (
				E7669ABD1C07CA630036326B /* Sources */,
				E7669ABE1C07CA630036326B /* Frameworks */,
				E7669ABF1C07CA630036326B /* Resources */,
			);
			buildRules = (
			);
			dependencies = (
			);
			name = TwitterApi;
			productName = TwitterApi;
			productReference = E7669AC11C07CA630036326B /* TwitterApi.app */;
			productType = "com.apple.product-type.application";
		};
/* End PBXNativeTarget section */

/* Begin PBXProject section */
		E7669AB91C07CA630036326B /* Project object */ = {
			isa = PBXProject;
			attributes = {
				LastUpgradeCheck = 0710;
				ORGANIZATIONNAME = "Sergii Sinkevych";
				TargetAttributes = {
					E7669AC01C07CA630036326B = {
						CreatedOnToolsVersion = 7.1;
						DevelopmentTeam = VS46UCRAEW;
					};
				};
			};
			buildConfigurationList = E7669ABC1C07CA630036326B /* Build configuration list for PBXProject "TwitterApi" */;
			compatibilityVersion = "Xcode 3.2";
			developmentRegion = English;
			hasScannedForEncodings = 0;
			knownRegions = (
				en,
				Base,
			);
			mainGroup = E7669AB81C07CA630036326B;
			productRefGroup = E7669AC21C07CA630036326B /* Products */;
			projectDirPath = "";
			projectRoot = "";
			targets = (
				E7669AC01C07CA630036326B /* TwitterApi */,
			);
		};
/* End PBXProject section */

/* Begin PBXResourcesBuildPhase section */
		E7669ABF1C07CA630036326B /* Resources */ = {
			isa = PBXResourcesBuildPhase;
			buildActionMask = 2147483647;
			files = (
				E7669AD41C07CA630036326B /* LaunchScreen.storyboard in Resources */,
				E77C95601C08FCCC00EDB58F /* Twitter.png in Resources */,
				E7669AD11C07CA630036326B /* Assets.xcassets in Resources */,
				E7669ACF1C07CA630036326B /* Main.storyboard in Resources */,
				E70592631C12402C005F7C25 /* default.png in Resources */,
			);
			runOnlyForDeploymentPostprocessing = 0;
		};
/* End PBXResourcesBuildPhase section */

/* Begin PBXSourcesBuildPhase section */
		E7669ABD1C07CA630036326B /* Sources */ = {
			isa = PBXSourcesBuildPhase;
			buildActionMask = 2147483647;
			files = (
				E77C95CF1C0E443A00EDB58F /* ApiManager.m in Sources */,
				E77C95631C0B0AA600EDB58F /* TweetsController.m in Sources */,
				E77C956A1C0BB97000EDB58F /* Tweet.m in Sources */,
				E7669ACC1C07CA630036326B /* ViewController.m in Sources */,
				E7669AC91C07CA630036326B /* AppDelegate.m in Sources */,
				E7669AC61C07CA630036326B /* main.m in Sources */,
			);
			runOnlyForDeploymentPostprocessing = 0;
		};
/* End PBXSourcesBuildPhase section */

/* Begin PBXVariantGroup section */
		E7669ACD1C07CA630036326B /* Main.storyboard */ = {
			isa = PBXVariantGroup;
			children = (
				E7669ACE1C07CA630036326B /* Base */,
			);
			name = Main.storyboard;
			sourceTree = "<group>";
		};
		E7669AD21C07CA630036326B /* LaunchScreen.storyboard */ = {
			isa = PBXVariantGroup;
			children = (
				E7669AD31C07CA630036326B /* Base */,
			);
			name = LaunchScreen.storyboard;
			sourceTree = "<group>";
		};
/* End PBXVariantGroup section */

/* Begin XCBuildConfiguration section */
		E7669AD61C07CA630036326B /* Debug */ = {
			isa = XCBuildConfiguration;
			buildSettings = {
				ALWAYS_SEARCH_USER_PATHS = NO;
				CLANG_CXX_LANGUAGE_STANDARD = "gnu++0x";
				CLANG_CXX_LIBRARY = "libc++";
				CLANG_ENABLE_MODULES = YES;
				CLANG_ENABLE_OBJC_ARC = YES;
				CLANG_WARN_BOOL_CONVERSION = YES;
				CLANG_WARN_CONSTANT_CONVERSION = YES;
				CLANG_WARN_DIRECT_OBJC_ISA_USAGE = YES_ERROR;
				CLANG_WARN_EMPTY_BODY = YES;
				CLANG_WARN_ENUM_CONVERSION = YES;
				CLANG_WARN_INT_CONVERSION = YES;
				CLANG_WARN_OBJC_ROOT_CLASS = YES_ERROR;
				CLANG_WARN_UNREACHABLE_CODE = YES;
				CLANG_WARN__DUPLICATE_METHOD_MATCH = YES;
				"CODE_SIGN_IDENTITY[sdk=iphoneos*]" = "iPhone Developer";
				COPY_PHASE_STRIP = NO;
				DEBUG_INFORMATION_FORMAT = dwarf;
				ENABLE_STRICT_OBJC_MSGSEND = YES;
				ENABLE_TESTABILITY = YES;
				GCC_C_LANGUAGE_STANDARD = gnu99;
				GCC_DYNAMIC_NO_PIC = NO;
				GCC_NO_COMMON_BLOCKS = YES;
				GCC_OPTIMIZATION_LEVEL = 0;
				GCC_PREPROCESSOR_DEFINITIONS = (
					"DEBUG=1",
					"$(inherited)",
				);
				GCC_WARN_64_TO_32_BIT_CONVERSION = YES;
				GCC_WARN_ABOUT_RETURN_TYPE = YES_ERROR;
				GCC_WARN_UNDECLARED_SELECTOR = YES;
				GCC_WARN_UNINITIALIZED_AUTOS = YES_AGGRESSIVE;
				GCC_WARN_UNUSED_FUNCTION = YES;
				GCC_WARN_UNUSED_VARIABLE = YES;
				IPHONEOS_DEPLOYMENT_TARGET = 9.1;
				MTL_ENABLE_DEBUG_INFO = YES;
				ONLY_ACTIVE_ARCH = YES;
				SDKROOT = iphoneos;
			};
			name = Debug;
		};
		E7669AD71C07CA630036326B /* Release */ = {
			isa = XCBuildConfiguration;
			buildSettings = {
				ALWAYS_SEARCH_USER_PATHS = NO;
				CLANG_CXX_LANGUAGE_STANDARD = "gnu++0x";
				CLANG_CXX_LIBRARY = "libc++";
				CLANG_ENABLE_MODULES = YES;
				CLANG_ENABLE_OBJC_ARC = YES;
				CLANG_WARN_BOOL_CONVERSION = YES;
				CLANG_WARN_CONSTANT_CONVERSION = YES;
				CLANG_WARN_DIRECT_OBJC_ISA_USAGE = YES_ERROR;
				CLANG_WARN_EMPTY_BODY = YES;
				CLANG_WARN_ENUM_CONVERSION = YES;
				CLANG_WARN_INT_CONVERSION = YES;
				CLANG_WARN_OBJC_ROOT_CLASS = YES_ERROR;
				CLANG_WARN_UNREACHABLE_CODE = YES;
				CLANG_WARN__DUPLICATE_METHOD_MATCH = YES;
				"CODE_SIGN_IDENTITY[sdk=iphoneos*]" = "iPhone Developer";
				COPY_PHASE_STRIP = NO;
				DEBUG_INFORMATION_FORMAT = "dwarf-with-dsym";
				ENABLE_NS_ASSERTIONS = NO;
				ENABLE_STRICT_OBJC_MSGSEND = YES;
				GCC_C_LANGUAGE_STANDARD = gnu99;
				GCC_NO_COMMON_BLOCKS = YES;
				GCC_WARN_64_TO_32_BIT_CONVERSION = YES;
				GCC_WARN_ABOUT_RETURN_TYPE = YES_ERROR;
				GCC_WARN_UNDECLARED_SELECTOR = YES;
				GCC_WARN_UNINITIALIZED_AUTOS = YES_AGGRESSIVE;
				GCC_WARN_UNUSED_FUNCTION = YES;
				GCC_WARN_UNUSED_VARIABLE = YES;
				IPHONEOS_DEPLOYMENT_TARGET = 9.1;
				MTL_ENABLE_DEBUG_INFO = NO;
				SDKROOT = iphoneos;
				VALIDATE_PRODUCT = YES;
			};
			name = Release;
		};
		E7669AD91C07CA630036326B /* Debug */ = {
			isa = XCBuildConfiguration;
			buildSettings = {
				ASSETCATALOG_COMPILER_APPICON_NAME = AppIcon;
				GCC_PREFIX_HEADER = TwitterApi/PrefixHeader.pch;
				INFOPLIST_FILE = TwitterApi/Info.plist;
				IPHONEOS_DEPLOYMENT_TARGET = 8.1;
				LD_RUNPATH_SEARCH_PATHS = "$(inherited) @executable_path/Frameworks";
				PRODUCT_BUNDLE_IDENTIFIER = com.tokayon.TwitterApi;
				PRODUCT_NAME = "$(TARGET_NAME)";
			};
			name = Debug;
		};
		E7669ADA1C07CA630036326B /* Release */ = {
			isa = XCBuildConfiguration;
			buildSettings = {
				ASSETCATALOG_COMPILER_APPICON_NAME = AppIcon;
				GCC_PREFIX_HEADER = TwitterApi/PrefixHeader.pch;
				INFOPLIST_FILE = TwitterApi/Info.plist;
				IPHONEOS_DEPLOYMENT_TARGET = 8.1;
				LD_RUNPATH_SEARCH_PATHS = "$(inherited) @executable_path/Frameworks";
				PRODUCT_BUNDLE_IDENTIFIER = com.tokayon.TwitterApi;
				PRODUCT_NAME = "$(TARGET_NAME)";
			};
			name = Release;
		};
/* End XCBuildConfiguration section */

/* Begin XCConfigurationList section */
		E7669ABC1C07CA630036326B /* Build configuration list for PBXProject "TwitterApi" */ = {
			isa = XCConfigurationList;
			buildConfigurations = (
				E7669AD61C07CA630036326B /* Debug */,
				E7669AD71C07CA630036326B /* Release */,
			);
			defaultConfigurationIsVisible = 0;
			defaultConfigurationName = Release;
		};
		E7669AD81C07CA630036326B /* Build configuration list for PBXNativeTarget "TwitterApi" */ = {
			isa = XCConfigurationList;
			buildConfigurations = (
				E7669AD91C07CA630036326B /* Debug */,
				E7669ADA1C07CA630036326B /* Release */,
			);
			defaultConfigurationIsVisible = 0;
			defaultConfigurationName = Release;
		};
/* End XCConfigurationList section */
	};
	rootObject = E7669AB91C07CA630036326B /* Project object */;
}
